
Microsoft Visual Studio Solution File, Format Version 12.00
# Visual Studio 15
Project("{FAE04EC0-301F-11D3-BF4B-00C04F79EFBC}") = "Assembly-CSharp", "Assembly-CSharp.csproj", "{F4806558-E441-A076-F696-2A0B9D8A20F4}"
EndProject
Project("{FAE04EC0-301F-11D3-BF4B-00C04F79EFBC}") = "Assembly-CSharp-Editor", "Assembly-CSharp-Editor.csproj", "{D3942397-7AEF-80CC-5ADE-B4AF547D41ED}"
EndProject
Global
	GlobalSection(SolutionConfigurationPlatforms) = preSolution
		Debug|Any CPU = Debug|Any CPU
		Release|Any CPU = Release|Any CPU
	EndGlobalSection
	GlobalSection(ProjectConfigurationPlatforms) = postSolution
		{F4806558-E441-A076-F696-2A0B9D8A20F4}.Debug|Any CPU.ActiveCfg = Debug|Any CPU
		{F4806558-E441-A076-F696-2A0B9D8A20F4}.Debug|Any CPU.Build.0 = Debug|Any CPU
		{F4806558-E441-A076-F696-2A0B9D8A20F4}.Release|Any CPU.ActiveCfg = Release|Any CPU
		{F4806558-E441-A076-F696-2A0B9D8A20F4}.Release|Any CPU.Build.0 = Release|Any CPU
		{D3942397-7AEF-80CC-5ADE-B4AF547D41ED}.Debug|Any CPU.ActiveCfg = Debug|Any CPU
		{D3942397-7AEF-80CC-5ADE-B4AF547D41ED}.Debug|Any CPU.Build.0 = Debug|Any CPU
		{D3942397-7AEF-80CC-5ADE-B4AF547D41ED}.Release|Any CPU.ActiveCfg = Release|Any CPU
		{D3942397-7AEF-80CC-5ADE-B4AF547D41ED}.Release|Any CPU.Build.0 = Release|Any CPU
	EndGlobalSection
	GlobalSection(SolutionProperties) = preSolution
		HideSolutionNode = FALSE
	EndGlobalSection
EndGlobal
